
Microsoft Visual Studio Solution File, Format Version 12.00
# Visual Studio Version 17
VisualStudioVersion = 17.11.35208.52
MinimumVisualStudioVersion = 10.0.40219.1
Project("{FAE04EC0-301F-11D3-BF4B-00C04F79EFBC}") = "Calabonga.Commandex.HelloWorld", "Calabonga.Commandex.HelloWorld\Calabonga.Commandex.HelloWorld.csproj", "{F111BAD6-7189-4B10-B0EE-8B5A1512A38C}"
EndProject
Global
	GlobalSection(SolutionConfigurationPlatforms) = preSolution
		Debug|Any CPU = Debug|Any CPU
		Release|Any CPU = Release|Any CPU
	EndGlobalSection
	GlobalSection(ProjectConfigurationPlatforms) = postSolution
		{F111BAD6-7189-4B10-B0EE-8B5A1512A38C}.Debug|Any CPU.ActiveCfg = Debug|Any CPU
		{F111BAD6-7189-4B10-B0EE-8B5A1512A38C}.Debug|Any CPU.Build.0 = Debug|Any CPU
		{F111BAD6-7189-4B10-B0EE-8B5A1512A38C}.Release|Any CPU.ActiveCfg = Release|Any CPU
		{F111BAD6-7189-4B10-B0EE-8B5A1512A38C}.Release|Any CPU.Build.0 = Release|Any CPU
	EndGlobalSection
	GlobalSection(SolutionProperties) = preSolution
		HideSolutionNode = FALSE
	EndGlobalSection
	GlobalSection(ExtensibilityGlobals) = postSolution
		SolutionGuid = {6577D483-EC9A-4044-B1C9-81ACBB780AE6}
	EndGlobalSection
EndGlobal
