
Microsoft Visual Studio Solution File, Format Version 12.00
# Visual Studio Version 17
VisualStudioVersion = 17.11.35222.181
MinimumVisualStudioVersion = 10.0.40219.1
Project("{9A19103F-16F7-4668-BE54-9A1E7A4F7556}") = "Calabonga.Commandex.DialogCommand", "Calabonga.Commandex.DialogCommand\Calabonga.Commandex.DialogCommand.csproj", "{A418EF31-F3EA-42BF-B6ED-5F11BB8EEBDF}"
EndProject
Global
	GlobalSection(SolutionConfigurationPlatforms) = preSolution
		Debug|Any CPU = Debug|Any CPU
		Release|Any CPU = Release|Any CPU
	EndGlobalSection
	GlobalSection(ProjectConfigurationPlatforms) = postSolution
		{A418EF31-F3EA-42BF-B6ED-5F11BB8EEBDF}.Debug|Any CPU.ActiveCfg = Debug|Any CPU
		{A418EF31-F3EA-42BF-B6ED-5F11BB8EEBDF}.Debug|Any CPU.Build.0 = Debug|Any CPU
		{A418EF31-F3EA-42BF-B6ED-5F11BB8EEBDF}.Release|Any CPU.ActiveCfg = Release|Any CPU
		{A418EF31-F3EA-42BF-B6ED-5F11BB8EEBDF}.Release|Any CPU.Build.0 = Release|Any CPU
	EndGlobalSection
	GlobalSection(SolutionProperties) = preSolution
		HideSolutionNode = FALSE
	EndGlobalSection
	GlobalSection(ExtensibilityGlobals) = postSolution
		SolutionGuid = {508B42B7-FD18-478F-AE74-455A14E204B4}
	EndGlobalSection
EndGlobal
